<?xml version="1.0" encoding="utf-8"?>
<Project ToolsVersion="4.0" xmlns="http://schemas.microsoft.com/developer/msbuild/2003">
  <ItemGroup>
    <Filter Include="Source Files">
      <UniqueIdentifier>{2422487b-88b5-4862-a83b-ee196c0eeb2b}</UniqueIdentifier>
      <Extensions>cpp;c;cxx;rc;def;r;odl;idl;hpj;bat</Extensions>
    </Filter>
    <Filter Include="Header Files">
      <UniqueIdentifier>{3f082fe6-06fb-4485-b01e-45b0b28b708b}</UniqueIdentifier>
      <Extensions>h;hpp;hxx;hm;inl</Extensions>
    </Filter>
    <Filter Include="unac">
      <UniqueIdentifier>{994814f5-85ef-4b47-9834-226d8ac88c65}</UniqueIdentifier>
    </Filter>
  </ItemGroup>
  <ItemGroup>
    <ClCompile Include="unacc.c">
      <Filter>Source Files</Filter>
    </ClCompile>
    <ClCompile Include="unac\unac.c">
      <Filter>unac</Filter>
    </ClCompile>
  </ItemGroup>
  <ItemGroup>
    <ClInclude Include="unac\unac.h">
      <Filter>unac</Filter>
    </ClInclude>
    <ClInclude Include="unacc.h">
      <Filter>Header Files</Filter>
    </ClInclude>
  </ItemGroup>
</Project>